# This file is automatically @generated by Cargo.
# It is not intended for manual editing.
version = 4

[[package]]
name = "tpt-for-abstract-interp"
version = "0.1.0"

[[package]]
name = "tpt-for-sat"
version = "0.1.0"

[[package]]
name = "tpt-for-smt-lite"
version = "0.1.0"
dependencies = [
 "tpt-for-sat",
]

[[package]]
name = "tpt-for-symbolic-exec"
version = "0.1.0"
dependencies = [
 "tpt-for-smt-lite",
]

[[package]]
name = "tpt-verify-engine"
version = "0.1.0"
dependencies = [
 "tpt-for-abstract-interp",
 "tpt-for-symbolic-exec",
]
